// !$*UTF8*$!
{
	archiveVersion = 1;
	classes = {
	};
	objectVersion = 56;
	objects = {

/* Begin PBXBuildFile section */
		3C27ADBA2E109219000123EA /* PushWorkoutTracker.swift in Sources */ = {isa = PBXBuildFile; fileRef = 3C27ADB92E109219000123EA /* PushWorkoutTracker.swift */; };
		3C27ADBC2E10CEF9000123EA /* EditWorkouts.swift in Sources */ = {isa = PBXBuildFile; fileRef = 3C27ADBB2E10CEF9000123EA /* EditWorkouts.swift */; };
		3C27ADBE2E10D9DD000123EA /* PastWorkouts.swift in Sources */ = {isa = PBXBuildFile; fileRef = 3C27ADBD2E10D9DD000123EA /* PastWorkouts.swift */; };
		3C27ADC02E198CF3000123EA /* PullWorkoutTracker.swift in Sources */ = {isa = PBXBuildFile; fileRef = 3C27ADBF2E198CF3000123EA /* PullWorkoutTracker.swift */; };
		3C27ADC22E198D01000123EA /* LegsWorkoutTracker.swift in Sources */ = {isa = PBXBuildFile; fileRef = 3C27ADC12E198D01000123EA /* LegsWorkoutTracker.swift */; };
		3C3A4E192DFA786A00C61C0B /* Fitness_AppApp.swift in Sources */ = {isa = PBXBuildFile; fileRef = 3C3A4E182DFA786A00C61C0B /* Fitness_AppApp.swift */; };
		3C3A4E1B2DFA786A00C61C0B /* ContentView.swift in Sources */ = {isa = PBXBuildFile; fileRef = 3C3A4E1A2DFA786A00C61C0B /* ContentView.swift */; };
		3C3A4E1D2DFA786D00C61C0B /* Assets.xcassets in Resources */ = {isa = PBXBuildFile; fileRef = 3C3A4E1C2DFA786D00C61C0B /* Assets.xcassets */; };
		3C3A4E202DFA786D00C61C0B /* Preview Assets.xcassets in Resources */ = {isa = PBXBuildFile; fileRef = 3C3A4E1F2DFA786D00C61C0B /* Preview Assets.xcassets */; };
		3C3A4E2B2E05077800C61C0B /* MainScreen.swift in Sources */ = {isa = PBXBuildFile; fileRef = 3C3A4E2A2E05077800C61C0B /* MainScreen.swift */; };
		3C3A4E2D2E072C5F00C61C0B /* Workout-Tracker.swift in Sources */ = {isa = PBXBuildFile; fileRef = 3C3A4E2C2E072C5F00C61C0B /* Workout-Tracker.swift */; };
		3C44ED222E1B72F600587D1E /* UpperWorkoutTracker.swift in Sources */ = {isa = PBXBuildFile; fileRef = 3C44ED212E1B72F600587D1E /* UpperWorkoutTracker.swift */; };
		3C44ED242E1B730500587D1E /* CustomWorkoutTracker.swift in Sources */ = {isa = PBXBuildFile; fileRef = 3C44ED232E1B730500587D1E /* CustomWorkoutTracker.swift */; };
/* End PBXBuildFile section */

/* Begin PBXFileReference section */
		3C27ADB92E109219000123EA /* PushWorkoutTracker.swift */ = {isa = PBXFileReference; lastKnownFileType = sourcecode.swift; path = PushWorkoutTracker.swift; sourceTree = "<group>"; };
		3C27ADBB2E10CEF9000123EA /* EditWorkouts.swift */ = {isa = PBXFileReference; lastKnownFileType = sourcecode.swift; path = EditWorkouts.swift; sourceTree = "<group>"; };
		3C27ADBD2E10D9DD000123EA /* PastWorkouts.swift */ = {isa = PBXFileReference; lastKnownFileType = sourcecode.swift; path = PastWorkouts.swift; sourceTree = "<group>"; };
		3C27ADBF2E198CF3000123EA /* PullWorkoutTracker.swift */ = {isa = PBXFileReference; lastKnownFileType = sourcecode.swift; path = PullWorkoutTracker.swift; sourceTree = "<group>"; };
		3C27ADC12E198D01000123EA /* LegsWorkoutTracker.swift */ = {isa = PBXFileReference; lastKnownFileType = sourcecode.swift; path = LegsWorkoutTracker.swift; sourceTree = "<group>"; };
		3C3A4E152DFA786A00C61C0B /* Fitness App.app */ = {isa = PBXFileReference; explicitFileType = wrapper.application; includeInIndex = 0; path = "Fitness App.app"; sourceTree = BUILT_PRODUCTS_DIR; };
		3C3A4E182DFA786A00C61C0B /* Fitness_AppApp.swift */ = {isa = PBXFileReference; lastKnownFileType = sourcecode.swift; path = Fitness_AppApp.swift; sourceTree = "<group>"; };
		3C3A4E1A2DFA786A00C61C0B /* ContentView.swift */ = {isa = PBXFileReference; lastKnownFileType = sourcecode.swift; path = ContentView.swift; sourceTree = "<group>"; };
		3C3A4E1C2DFA786D00C61C0B /* Assets.xcassets */ = {isa = PBXFileReference; lastKnownFileType = folder.assetcatalog; path = Assets.xcassets; sourceTree = "<group>"; };
		3C3A4E1F2DFA786D00C61C0B /* Preview Assets.xcassets */ = {isa = PBXFileReference; lastKnownFileType = folder.assetcatalog; path = "Preview Assets.xcassets"; sourceTree = "<group>"; };
		3C3A4E2A2E05077800C61C0B /* MainScreen.swift */ = {isa = PBXFileReference; lastKnownFileType = sourcecode.swift; path = MainScreen.swift; sourceTree = "<group>"; };
		3C3A4E2C2E072C5F00C61C0B /* Workout-Tracker.swift */ = {isa = PBXFileReference; lastKnownFileType = sourcecode.swift; path = "Workout-Tracker.swift"; sourceTree = "<group>"; };
		3C44ED212E1B72F600587D1E /* UpperWorkoutTracker.swift */ = {isa = PBXFileReference; fileEncoding = 4; lastKnownFileType = sourcecode.swift; path = UpperWorkoutTracker.swift; sourceTree = "<group>"; };
		3C44ED232E1B730500587D1E /* CustomWorkoutTracker.swift */ = {isa = PBXFileReference; fileEncoding = 4; lastKnownFileType = sourcecode.swift; path = CustomWorkoutTracker.swift; sourceTree = "<group>"; };
/* End PBXFileReference section */

/* Begin PBXFrameworksBuildPhase section */
		3C3A4E122DFA786A00C61C0B /* Frameworks */ = {
			isa = PBXFrameworksBuildPhase;
			buildActionMask = 2147483647;
			files = (
			);
			runOnlyForDeploymentPostprocessing = 0;
		};
/* End PBXFrameworksBuildPhase section */

/* Begin PBXGroup section */
		3C3A4E0C2DFA786A00C61C0B = {
			isa = PBXGroup;
			children = (
				3C3A4E172DFA786A00C61C0B /* Fitness App */,
				3C3A4E162DFA786A00C61C0B /* Products */,
			);
			sourceTree = "<group>";
		};
		3C3A4E162DFA786A00C61C0B /* Products */ = {
			isa = PBXGroup;
			children = (
				3C3A4E152DFA786A00C61C0B /* Fitness App.app */,
			);
			name = Products;
			sourceTree = "<group>";
		};
		3C3A4E172DFA786A00C61C0B /* Fitness App */ = {
			isa = PBXGroup;
			children = (
				3C3A4E182DFA786A00C61C0B /* Fitness_AppApp.swift */,
				3C3A4E1A2DFA786A00C61C0B /* ContentView.swift */,
				3C3A4E1C2DFA786D00C61C0B /* Assets.xcassets */,
				3C3A4E1E2DFA786D00C61C0B /* Preview Content */,
				3C3A4E2A2E05077800C61C0B /* MainScreen.swift */,
				3C3A4E2C2E072C5F00C61C0B /* Workout-Tracker.swift */,
				3C27ADB92E109219000123EA /* PushWorkoutTracker.swift */,
				3C27ADBB2E10CEF9000123EA /* EditWorkouts.swift */,
				3C27ADBD2E10D9DD000123EA /* PastWorkouts.swift */,
				3C27ADBF2E198CF3000123EA /* PullWorkoutTracker.swift */,
				3C27ADC12E198D01000123EA /* LegsWorkoutTracker.swift */,
				3C44ED212E1B72F600587D1E /* UpperWorkoutTracker.swift */,
				3C44ED232E1B730500587D1E /* CustomWorkoutTracker.swift */,
			);
			path = "Fitness App";
			sourceTree = "<group>";
		};
		3C3A4E1E2DFA786D00C61C0B /* Preview Content */ = {
			isa = PBXGroup;
			children = (
				3C3A4E1F2DFA786D00C61C0B /* Preview Assets.xcassets */,
			);
			path = "Preview Content";
			sourceTree = "<group>";
		};
/* End PBXGroup section */

/* Begin PBXNativeTarget section */
		3C3A4E142DFA786A00C61C0B /* Fitness App */ = {
			isa = PBXNativeTarget;
			buildConfigurationList = 3C3A4E232DFA786D00C61C0B /* Build configuration list for PBXNativeTarget "Fitness App" */;
			buildPhases = (
				3C3A4E112DFA786A00C61C0B /* Sources */,
				3C3A4E122DFA786A00C61C0B /* Frameworks */,
				3C3A4E132DFA786A00C61C0B /* Resources */,
			);
			buildRules = (
			);
			dependencies = (
			);
			name = "Fitness App";
			productName = "Fitness App";
			productReference = 3C3A4E152DFA786A00C61C0B /* Fitness App.app */;
			productType = "com.apple.product-type.application";
		};
/* End PBXNativeTarget section */

/* Begin PBXProject section */
		3C3A4E0D2DFA786A00C61C0B /* Project object */ = {
			isa = PBXProject;
			attributes = {
				BuildIndependentTargetsInParallel = 1;
				LastSwiftUpdateCheck = 1430;
				LastUpgradeCheck = 1430;
				TargetAttributes = {
					3C3A4E142DFA786A00C61C0B = {
						CreatedOnToolsVersion = 14.3.1;
					};
				};
			};
			buildConfigurationList = 3C3A4E102DFA786A00C61C0B /* Build configuration list for PBXProject "Fitness App" */;
			compatibilityVersion = "Xcode 14.0";
			developmentRegion = en;
			hasScannedForEncodings = 0;
			knownRegions = (
				en,
				Base,
			);
			mainGroup = 3C3A4E0C2DFA786A00C61C0B;
			productRefGroup = 3C3A4E162DFA786A00C61C0B /* Products */;
			projectDirPath = "";
			projectRoot = "";
			targets = (
				3C3A4E142DFA786A00C61C0B /* Fitness App */,
			);
		};
/* End PBXProject section */

/* Begin PBXResourcesBuildPhase section */
		3C3A4E132DFA786A00C61C0B /* Resources */ = {
			isa = PBXResourcesBuildPhase;
			buildActionMask = 2147483647;
			files = (
				3C3A4E202DFA786D00C61C0B /* Preview Assets.xcassets in Resources */,
				3C3A4E1D2DFA786D00C61C0B /* Assets.xcassets in Resources */,
			);
			runOnlyForDeploymentPostprocessing = 0;
		};
/* End PBXResourcesBuildPhase section */

/* Begin PBXSourcesBuildPhase section */
		3C3A4E112DFA786A00C61C0B /* Sources */ = {
			isa = PBXSourcesBuildPhase;
			buildActionMask = 2147483647;
			files = (
				3C3A4E2D2E072C5F00C61C0B /* Workout-Tracker.swift in Sources */,
				3C44ED222E1B72F600587D1E /* UpperWorkoutTracker.swift in Sources */,
				3C27ADBA2E109219000123EA /* PushWorkoutTracker.swift in Sources */,
				3C3A4E2B2E05077800C61C0B /* MainScreen.swift in Sources */,
				3C27ADBE2E10D9DD000123EA /* PastWorkouts.swift in Sources */,
				3C27ADBC2E10CEF9000123EA /* EditWorkouts.swift in Sources */,
				3C3A4E1B2DFA786A00C61C0B /* ContentView.swift in Sources */,
				3C44ED242E1B730500587D1E /* CustomWorkoutTracker.swift in Sources */,
				3C27ADC22E198D01000123EA /* LegsWorkoutTracker.swift in Sources */,
				3C3A4E192DFA786A00C61C0B /* Fitness_AppApp.swift in Sources */,
				3C27ADC02E198CF3000123EA /* PullWorkoutTracker.swift in Sources */,
			);
			runOnlyForDeploymentPostprocessing = 0;
		};
/* End PBXSourcesBuildPhase section */

/* Begin XCBuildConfiguration section */
		3C3A4E212DFA786D00C61C0B /* Debug */ = {
			isa = XCBuildConfiguration;
			buildSettings = {
				ALWAYS_SEARCH_USER_PATHS = NO;
				CLANG_ANALYZER_NONNULL = YES;
				CLANG_ANALYZER_NUMBER_OBJECT_CONVERSION = YES_AGGRESSIVE;
				CLANG_CXX_LANGUAGE_STANDARD = "gnu++20";
				CLANG_ENABLE_MODULES = YES;
				CLANG_ENABLE_OBJC_ARC = YES;
				CLANG_ENABLE_OBJC_WEAK = YES;
				CLANG_WARN_BLOCK_CAPTURE_AUTORELEASING = YES;
				CLANG_WARN_BOOL_CONVERSION = YES;
				CLANG_WARN_COMMA = YES;
				CLANG_WARN_CONSTANT_CONVERSION = YES;
				CLANG_WARN_DEPRECATED_OBJC_IMPLEMENTATIONS = YES;
				CLANG_WARN_DIRECT_OBJC_ISA_USAGE = YES_ERROR;
				CLANG_WARN_DOCUMENTATION_COMMENTS = YES;
				CLANG_WARN_EMPTY_BODY = YES;
				CLANG_WARN_ENUM_CONVERSION = YES;
				CLANG_WARN_INFINITE_RECURSION = YES;
				CLANG_WARN_INT_CONVERSION = YES;
				CLANG_WARN_NON_LITERAL_NULL_CONVERSION = YES;
				CLANG_WARN_OBJC_IMPLICIT_RETAIN_SELF = YES;
				CLANG_WARN_OBJC_LITERAL_CONVERSION = YES;
				CLANG_WARN_OBJC_ROOT_CLASS = YES_ERROR;
				CLANG_WARN_QUOTED_INCLUDE_IN_FRAMEWORK_HEADER = YES;
				CLANG_WARN_RANGE_LOOP_ANALYSIS = YES;
				CLANG_WARN_STRICT_PROTOTYPES = YES;
				CLANG_WARN_SUSPICIOUS_MOVE = YES;
				CLANG_WARN_UNGUARDED_AVAILABILITY = YES_AGGRESSIVE;
				CLANG_WARN_UNREACHABLE_CODE = YES;
				CLANG_WARN__DUPLICATE_METHOD_MATCH = YES;
				COPY_PHASE_STRIP = NO;
				DEBUG_INFORMATION_FORMAT = dwarf;
				ENABLE_STRICT_OBJC_MSGSEND = YES;
				ENABLE_TESTABILITY = YES;
				GCC_C_LANGUAGE_STANDARD = gnu11;
				GCC_DYNAMIC_NO_PIC = NO;
				GCC_NO_COMMON_BLOCKS = YES;
				GCC_OPTIMIZATION_LEVEL = 0;
				GCC_PREPROCESSOR_DEFINITIONS = (
					"DEBUG=1",
					"$(inherited)",
				);
				GCC_WARN_64_TO_32_BIT_CONVERSION = YES;
				GCC_WARN_ABOUT_RETURN_TYPE = YES_ERROR;
				GCC_WARN_UNDECLARED_SELECTOR = YES;
				GCC_WARN_UNINITIALIZED_AUTOS = YES_AGGRESSIVE;
				GCC_WARN_UNUSED_FUNCTION = YES;
				GCC_WARN_UNUSED_VARIABLE = YES;
				IPHONEOS_DEPLOYMENT_TARGET = 16.4;
				MTL_ENABLE_DEBUG_INFO = INCLUDE_SOURCE;
				MTL_FAST_MATH = YES;
				ONLY_ACTIVE_ARCH = YES;
				SDKROOT = iphoneos;
				SWIFT_ACTIVE_COMPILATION_CONDITIONS = DEBUG;
				SWIFT_OPTIMIZATION_LEVEL = "-Onone";
			};
			name = Debug;
		};
		3C3A4E222DFA786D00C61C0B /* Release */ = {
			isa = XCBuildConfiguration;
			buildSettings = {
				ALWAYS_SEARCH_USER_PATHS = NO;
				CLANG_ANALYZER_NONNULL = YES;
				CLANG_ANALYZER_NUMBER_OBJECT_CONVERSION = YES_AGGRESSIVE;
				CLANG_CXX_LANGUAGE_STANDARD = "gnu++20";
				CLANG_ENABLE_MODULES = YES;
				CLANG_ENABLE_OBJC_ARC = YES;
				CLANG_ENABLE_OBJC_WEAK = YES;
				CLANG_WARN_BLOCK_CAPTURE_AUTORELEASING = YES;
				CLANG_WARN_BOOL_CONVERSION = YES;
				CLANG_WARN_COMMA = YES;
				CLANG_WARN_CONSTANT_CONVERSION = YES;
				CLANG_WARN_DEPRECATED_OBJC_IMPLEMENTATIONS = YES;
				CLANG_WARN_DIRECT_OBJC_ISA_USAGE = YES_ERROR;
				CLANG_WARN_DOCUMENTATION_COMMENTS = YES;
				CLANG_WARN_EMPTY_BODY = YES;
				CLANG_WARN_ENUM_CONVERSION = YES;
				CLANG_WARN_INFINITE_RECURSION = YES;
				CLANG_WARN_INT_CONVERSION = YES;
				CLANG_WARN_NON_LITERAL_NULL_CONVERSION = YES;
				CLANG_WARN_OBJC_IMPLICIT_RETAIN_SELF = YES;
				CLANG_WARN_OBJC_LITERAL_CONVERSION = YES;
				CLANG_WARN_OBJC_ROOT_CLASS = YES_ERROR;
				CLANG_WARN_QUOTED_INCLUDE_IN_FRAMEWORK_HEADER = YES;
				CLANG_WARN_RANGE_LOOP_ANALYSIS = YES;
				CLANG_WARN_STRICT_PROTOTYPES = YES;
				CLANG_WARN_SUSPICIOUS_MOVE = YES;
				CLANG_WARN_UNGUARDED_AVAILABILITY = YES_AGGRESSIVE;
				CLANG_WARN_UNREACHABLE_CODE = YES;
				CLANG_WARN__DUPLICATE_METHOD_MATCH = YES;
				COPY_PHASE_STRIP = NO;
				DEBUG_INFORMATION_FORMAT = "dwarf-with-dsym";
				ENABLE_NS_ASSERTIONS = NO;
				ENABLE_STRICT_OBJC_MSGSEND = YES;
				GCC_C_LANGUAGE_STANDARD = gnu11;
				GCC_NO_COMMON_BLOCKS = YES;
				GCC_WARN_64_TO_32_BIT_CONVERSION = YES;
				GCC_WARN_ABOUT_RETURN_TYPE = YES_ERROR;
				GCC_WARN_UNDECLARED_SELECTOR = YES;
				GCC_WARN_UNINITIALIZED_AUTOS = YES_AGGRESSIVE;
				GCC_WARN_UNUSED_FUNCTION = YES;
				GCC_WARN_UNUSED_VARIABLE = YES;
				IPHONEOS_DEPLOYMENT_TARGET = 16.4;
				MTL_ENABLE_DEBUG_INFO = NO;
				MTL_FAST_MATH = YES;
				SDKROOT = iphoneos;
				SWIFT_COMPILATION_MODE = wholemodule;
				SWIFT_OPTIMIZATION_LEVEL = "-O";
				VALIDATE_PRODUCT = YES;
			};
			name = Release;
		};
		3C3A4E242DFA786D00C61C0B /* Debug */ = {
			isa = XCBuildConfiguration;
			buildSettings = {
				ASSETCATALOG_COMPILER_APPICON_NAME = AppIcon;
				ASSETCATALOG_COMPILER_GLOBAL_ACCENT_COLOR_NAME = AccentColor;
				CODE_SIGN_STYLE = Automatic;
				CURRENT_PROJECT_VERSION = 1;
				DEVELOPMENT_ASSET_PATHS = "\"Fitness App/Preview Content\"";
				ENABLE_PREVIEWS = YES;
				GENERATE_INFOPLIST_FILE = YES;
				INFOPLIST_KEY_UIApplicationSceneManifest_Generation = YES;
				INFOPLIST_KEY_UIApplicationSupportsIndirectInputEvents = YES;
				INFOPLIST_KEY_UILaunchScreen_Generation = YES;
				INFOPLIST_KEY_UISupportedInterfaceOrientations_iPad = "UIInterfaceOrientationPortrait UIInterfaceOrientationPortraitUpsideDown UIInterfaceOrientationLandscapeLeft UIInterfaceOrientationLandscapeRight";
				INFOPLIST_KEY_UISupportedInterfaceOrientations_iPhone = "UIInterfaceOrientationPortrait UIInterfaceOrientationLandscapeLeft UIInterfaceOrientationLandscapeRight";
				LD_RUNPATH_SEARCH_PATHS = (
					"$(inherited)",
					"@executable_path/Frameworks",
				);
				MARKETING_VERSION = 1.0;
				PRODUCT_BUNDLE_IDENTIFIER = "EddieReinhardt.Fitness-App";
				PRODUCT_NAME = "$(TARGET_NAME)";
				SWIFT_EMIT_LOC_STRINGS = YES;
				SWIFT_VERSION = 5.0;
				TARGETED_DEVICE_FAMILY = "1,2";
			};
			name = Debug;
		};
		3C3A4E252DFA786D00C61C0B /* Release */ = {
			isa = XCBuildConfiguration;
			buildSettings = {
				ASSETCATALOG_COMPILER_APPICON_NAME = AppIcon;
				ASSETCATALOG_COMPILER_GLOBAL_ACCENT_COLOR_NAME = AccentColor;
				CODE_SIGN_STYLE = Automatic;
				CURRENT_PROJECT_VERSION = 1;
				DEVELOPMENT_ASSET_PATHS = "\"Fitness App/Preview Content\"";
				ENABLE_PREVIEWS = YES;
				GENERATE_INFOPLIST_FILE = YES;
				INFOPLIST_KEY_UIApplicationSceneManifest_Generation = YES;
				INFOPLIST_KEY_UIApplicationSupportsIndirectInputEvents = YES;
				INFOPLIST_KEY_UILaunchScreen_Generation = YES;
				INFOPLIST_KEY_UISupportedInterfaceOrientations_iPad = "UIInterfaceOrientationPortrait UIInterfaceOrientationPortraitUpsideDown UIInterfaceOrientationLandscapeLeft UIInterfaceOrientationLandscapeRight";
				INFOPLIST_KEY_UISupportedInterfaceOrientations_iPhone = "UIInterfaceOrientationPortrait UIInterfaceOrientationLandscapeLeft UIInterfaceOrientationLandscapeRight";
				LD_RUNPATH_SEARCH_PATHS = (
					"$(inherited)",
					"@executable_path/Frameworks",
				);
				MARKETING_VERSION = 1.0;
				PRODUCT_BUNDLE_IDENTIFIER = "EddieReinhardt.Fitness-App";
				PRODUCT_NAME = "$(TARGET_NAME)";
				SWIFT_EMIT_LOC_STRINGS = YES;
				SWIFT_VERSION = 5.0;
				TARGETED_DEVICE_FAMILY = "1,2";
			};
			name = Release;
		};
/* End XCBuildConfiguration section */

/* Begin XCConfigurationList section */
		3C3A4E102DFA786A00C61C0B /* Build configuration list for PBXProject "Fitness App" */ = {
			isa = XCConfigurationList;
			buildConfigurations = (
				3C3A4E212DFA786D00C61C0B /* Debug */,
				3C3A4E222DFA786D00C61C0B /* Release */,
			);
			defaultConfigurationIsVisible = 0;
			defaultConfigurationName = Release;
		};
		3C3A4E232DFA786D00C61C0B /* Build configuration list for PBXNativeTarget "Fitness App" */ = {
			isa = XCConfigurationList;
			buildConfigurations = (
				3C3A4E242DFA786D00C61C0B /* Debug */,
				3C3A4E252DFA786D00C61C0B /* Release */,
			);
			defaultConfigurationIsVisible = 0;
			defaultConfigurationName = Release;
		};
/* End XCConfigurationList section */
	};
	rootObject = 3C3A4E0D2DFA786A00C61C0B /* Project object */;
}
